
Microsoft Visual Studio Solution File, Format Version 12.00
# Visual Studio Version 17
VisualStudioVersion = 17.8.34309.116
MinimumVisualStudioVersion = 10.0.40219.1
Project("{FAE04EC0-301F-11D3-BF4B-00C04F79EFBC}") = "SocketClient", "SocketClient.csproj", "{480621BB-2225-4E59-A0A3-8EC01ABFBDDF}"
EndProject
Global
	GlobalSection(SolutionConfigurationPlatforms) = preSolution
		Debug|Any CPU = Debug|Any CPU
		Release|Any CPU = Release|Any CPU
	EndGlobalSection
	GlobalSection(ProjectConfigurationPlatforms) = postSolution
		{480621BB-2225-4E59-A0A3-8EC01ABFBDDF}.Debug|Any CPU.ActiveCfg = Debug|Any CPU
		{480621BB-2225-4E59-A0A3-8EC01ABFBDDF}.Debug|Any CPU.Build.0 = Debug|Any CPU
		{480621BB-2225-4E59-A0A3-8EC01ABFBDDF}.Release|Any CPU.ActiveCfg = Release|Any CPU
		{480621BB-2225-4E59-A0A3-8EC01ABFBDDF}.Release|Any CPU.Build.0 = Release|Any CPU
	EndGlobalSection
	GlobalSection(SolutionProperties) = preSolution
		HideSolutionNode = FALSE
	EndGlobalSection
	GlobalSection(ExtensibilityGlobals) = postSolution
		SolutionGuid = {2BB579D6-0A28-48B6-9F8C-2E1A53573E58}
	EndGlobalSection
EndGlobal
